<?xml version="1.0" encoding="utf-8"?>
<Project ToolsVersion="18.0" xmlns="http://schemas.microsoft.com/developer/msbuild/2003">
  <ItemGroup>
    <ClCompile Include="C:\PatchworldBridge\Source\Main.cpp">
      <Filter>Source Files</Filter>
    </ClCompile>
    <ClCompile Include="C:\PatchworldBridge\Source\MainComponent.cpp">
      <Filter>Source Files</Filter>
    </ClCompile>
    <ClCompile Include="C:\PatchworldBridge\JUCE\modules\juce_gui_extra\juce_gui_extra.cpp">
      <Filter>Source Files</Filter>
    </ClCompile>
    <ClCompile Include="C:\PatchworldBridge\JUCE\modules\juce_gui_basics\juce_gui_basics.cpp">
      <Filter>Source Files</Filter>
    </ClCompile>
    <ClCompile Include="C:\PatchworldBridge\JUCE\modules\juce_graphics\juce_graphics.cpp">
      <Filter>Source Files</Filter>
    </ClCompile>
    <ClCompile Include="C:\PatchworldBridge\JUCE\modules\juce_graphics\juce_graphics_Harfbuzz.cpp">
      <Filter>Source Files</Filter>
    </ClCompile>
    <ClCompile Include="C:\PatchworldBridge\JUCE\modules\juce_graphics\juce_graphics_Sheenbidi.c">
      <Filter>Source Files</Filter>
    </ClCompile>
    <ClCompile Include="C:\PatchworldBridge\JUCE\modules\juce_events\juce_events.cpp">
      <Filter>Source Files</Filter>
    </ClCompile>
    <ClCompile Include="C:\PatchworldBridge\JUCE\modules\juce_core\juce_core.cpp">
      <Filter>Source Files</Filter>
    </ClCompile>
    <ClCompile Include="C:\PatchworldBridge\JUCE\modules\juce_core\juce_core_CompilationTime.cpp">
      <Filter>Source Files</Filter>
    </ClCompile>
    <ClCompile Include="C:\PatchworldBridge\JUCE\modules\juce_data_structures\juce_data_structures.cpp">
      <Filter>Source Files</Filter>
    </ClCompile>
    <ClCompile Include="C:\PatchworldBridge\JUCE\modules\juce_osc\juce_osc.cpp">
      <Filter>Source Files</Filter>
    </ClCompile>
    <ClCompile Include="C:\PatchworldBridge\JUCE\modules\juce_audio_basics\juce_audio_basics.cpp">
      <Filter>Source Files</Filter>
    </ClCompile>
    <ClCompile Include="C:\PatchworldBridge\JUCE\modules\juce_audio_devices\juce_audio_devices.cpp">
      <Filter>Source Files</Filter>
    </ClCompile>
    <ClCompile Include="C:\PatchworldBridge\JUCE\modules\juce_audio_formats\juce_audio_formats.cpp">
      <Filter>Source Files</Filter>
    </ClCompile>
    <ClCompile Include="C:\PatchworldBridge\JUCE\modules\juce_audio_processors\juce_audio_processors.cpp">
      <Filter>Source Files</Filter>
    </ClCompile>
    <ClCompile Include="C:\PatchworldBridge\JUCE\modules\juce_audio_processors_headless\juce_audio_processors_headless.cpp">
      <Filter>Source Files</Filter>
    </ClCompile>
    <ClCompile Include="C:\PatchworldBridge\JUCE\modules\juce_audio_processors_headless\juce_audio_processors_headless_ara.cpp">
      <Filter>Source Files</Filter>
    </ClCompile>
    <ClCompile Include="C:\PatchworldBridge\JUCE\modules\juce_audio_processors_headless\juce_audio_processors_headless_lv2_libs.cpp">
      <Filter>Source Files</Filter>
    </ClCompile>
    <ClCompile Include="C:\PatchworldBridge\JUCE\modules\juce_audio_utils\juce_audio_utils.cpp">
      <Filter>Source Files</Filter>
    </ClCompile>
    <ClCompile Include="C:\PatchworldBridge\JUCE\modules\juce_opengl\juce_opengl.cpp">
      <Filter>Source Files</Filter>
    </ClCompile>
  </ItemGroup>
  <ItemGroup>
    <ClInclude Include="C:\PatchworldBridge\Source\MainComponent.h">
      <Filter>Header Files</Filter>
    </ClInclude>
    <ClInclude Include="C:\PatchworldBridge\Source\SubComponents.h">
      <Filter>Header Files</Filter>
    </ClInclude>
    <ClInclude Include="C:\PatchworldBridge\build_debug\PatchworldBridge_artefacts\JuceLibraryCode\JuceHeader.h">
      <Filter>Header Files</Filter>
    </ClInclude>
  </ItemGroup>
  <ItemGroup>
    <CustomBuild Include="C:\PatchworldBridge\build_debug\CMakeFiles\96f37a183baa9c58bea601d50a00aa61\JuceHeader.h.rule">
      <Filter>CMake Rules</Filter>
    </CustomBuild>
    <CustomBuild Include="C:\PatchworldBridge\CMakeLists.txt" />
  </ItemGroup>
  <ItemGroup>
    <Object Include="C:\PatchworldBridge\build_debug\PatchworldBridge_rc_lib.dir\$(Configuration)\PatchworldBridge_resources.res">
      <Filter>Object Libraries</Filter>
    </Object>
  </ItemGroup>
  <ItemGroup>
    <Filter Include="CMake Rules">
      <UniqueIdentifier>{DC63BC4F-2138-3E36-997B-2F8AF20EE6FE}</UniqueIdentifier>
    </Filter>
    <Filter Include="Header Files">
      <UniqueIdentifier>{3446AEF4-52E5-3351-9348-1FA2D0934546}</UniqueIdentifier>
    </Filter>
    <Filter Include="Object Libraries">
      <UniqueIdentifier>{DABED582-9647-37D0-B4D9-4C9430436FAD}</UniqueIdentifier>
    </Filter>
    <Filter Include="Source Files">
      <UniqueIdentifier>{EBEA3BEA-08E1-33CA-A9E1-0F9A4B81552D}</UniqueIdentifier>
    </Filter>
  </ItemGroup>
</Project>
